{
  "object": {
    "pins": [
      {
        "package": "ProtocolTests",
        "repositoryURL": "https://github.com/bscothern/ProtocolTests.git",
        "state": {
          "branch": null,
          "revision": "e81e327b19dce87f1e0d1027a867d998bae2cdd3",
          "version": "0.2.1"
        }
      }
    ]
  },
  "version": 1
}
