{
  "originHash" : "85da650071d9b4f7e3903b9b3a7e146a13d13c4817ca3672542430f77efb9fec",
  "pins" : [
    {
      "identity" : "checkxcassertionfailure",
      "kind" : "remoteSourceControl",
      "location" : "https://github.com/loftware/CheckXCAssertionFailure",
      "state" : {
        "revision" : "1e92d9c40059a3ea50e30da05ec83cec54d9b7ab",
        "version" : "0.9.6"
      }
    },
    {
      "identity" : "standardlibraryprotocolchecks",
      "kind" : "remoteSourceControl",
      "location" : "https://github.com/loftware/StandardLibraryProtocolChecks",
      "state" : {
        "revision" : "2de7cf5a9bf0411a01b79db6a668848c25d58686",
        "version" : "0.1.2"
      }
    }
  ],
  "version" : 3
}
